
Microsoft Visual Studio Solution File, Format Version 12.00
# Visual Studio Version 16
VisualStudioVersion = 16.0.32228.343
MinimumVisualStudioVersion = 10.0.40219.1
Project("{2150E333-8FDC-42A3-9474-1A3956D46DE8}") = "src", "src", "{0B23ED55-75CC-433E-905B-2355A076A259}"
EndProject
Project("{2150E333-8FDC-42A3-9474-1A3956D46DE8}") = "test", "test", "{1D8BD772-AE3E-4BE9-9ABC-E9D4BB2D226D}"
EndProject
Project("{2150E333-8FDC-42A3-9474-1A3956D46DE8}") = "scripts", "scripts", "{44E03C29-CB0D-4E82-93A8-65CC12F33191}"
EndProject
Project("{00D1A9C2-B5F0-4AF3-8072-F6C62B433612}") = "AccountingWorksIinstruments.Database", "src\AccountingWorksIinstruments.Database\AccountingWorksIinstruments.Database.sqlproj", "{E7EEA32A-82FC-4D95-AB99-6F0DD16957D5}"
EndProject
Project("{9A19103F-16F7-4668-BE54-9A1E7A4F7556}") = "AccountingWorkInstruments.DataAccess", "src\AccountingWorksIinstruments.DataAccess\AccountingWorkInstruments.DataAccess.csproj", "{38ED283F-C931-4817-9076-3514E4977108}"
EndProject
Project("{9A19103F-16F7-4668-BE54-9A1E7A4F7556}") = "AccountingWorksIinstruments.IntegrationTests", "test\AccountingWorksIinstruments.IntegrationTests\AccountingWorksIinstruments.IntegrationTests.csproj", "{8C7569B2-A43D-4134-A6D4-37EF4407A793}"
EndProject
Project("{9A19103F-16F7-4668-BE54-9A1E7A4F7556}") = "AccountingWorksIinstruments.Web", "src\AccountingWorksIinstruments.Web\AccountingWorksIinstruments.Web.csproj", "{BDA768C8-58BA-4451-8576-0CC754D080A6}"
EndProject
Global
	GlobalSection(SolutionConfigurationPlatforms) = preSolution
		Debug|Any CPU = Debug|Any CPU
		Release|Any CPU = Release|Any CPU
	EndGlobalSection
	GlobalSection(ProjectConfigurationPlatforms) = postSolution
		{E7EEA32A-82FC-4D95-AB99-6F0DD16957D5}.Debug|Any CPU.ActiveCfg = Debug|Any CPU
		{E7EEA32A-82FC-4D95-AB99-6F0DD16957D5}.Debug|Any CPU.Build.0 = Debug|Any CPU
		{E7EEA32A-82FC-4D95-AB99-6F0DD16957D5}.Debug|Any CPU.Deploy.0 = Debug|Any CPU
		{E7EEA32A-82FC-4D95-AB99-6F0DD16957D5}.Release|Any CPU.ActiveCfg = Release|Any CPU
		{E7EEA32A-82FC-4D95-AB99-6F0DD16957D5}.Release|Any CPU.Build.0 = Release|Any CPU
		{E7EEA32A-82FC-4D95-AB99-6F0DD16957D5}.Release|Any CPU.Deploy.0 = Release|Any CPU
		{38ED283F-C931-4817-9076-3514E4977108}.Debug|Any CPU.ActiveCfg = Debug|Any CPU
		{38ED283F-C931-4817-9076-3514E4977108}.Debug|Any CPU.Build.0 = Debug|Any CPU
		{38ED283F-C931-4817-9076-3514E4977108}.Release|Any CPU.ActiveCfg = Release|Any CPU
		{38ED283F-C931-4817-9076-3514E4977108}.Release|Any CPU.Build.0 = Release|Any CPU
		{8C7569B2-A43D-4134-A6D4-37EF4407A793}.Debug|Any CPU.ActiveCfg = Debug|Any CPU
		{8C7569B2-A43D-4134-A6D4-37EF4407A793}.Debug|Any CPU.Build.0 = Debug|Any CPU
		{8C7569B2-A43D-4134-A6D4-37EF4407A793}.Release|Any CPU.ActiveCfg = Release|Any CPU
		{8C7569B2-A43D-4134-A6D4-37EF4407A793}.Release|Any CPU.Build.0 = Release|Any CPU
		{BDA768C8-58BA-4451-8576-0CC754D080A6}.Debug|Any CPU.ActiveCfg = Debug|Any CPU
		{BDA768C8-58BA-4451-8576-0CC754D080A6}.Debug|Any CPU.Build.0 = Debug|Any CPU
		{BDA768C8-58BA-4451-8576-0CC754D080A6}.Release|Any CPU.ActiveCfg = Release|Any CPU
		{BDA768C8-58BA-4451-8576-0CC754D080A6}.Release|Any CPU.Build.0 = Release|Any CPU
	EndGlobalSection
	GlobalSection(SolutionProperties) = preSolution
		HideSolutionNode = FALSE
	EndGlobalSection
	GlobalSection(NestedProjects) = preSolution
		{E7EEA32A-82FC-4D95-AB99-6F0DD16957D5} = {0B23ED55-75CC-433E-905B-2355A076A259}
		{38ED283F-C931-4817-9076-3514E4977108} = {0B23ED55-75CC-433E-905B-2355A076A259}
		{8C7569B2-A43D-4134-A6D4-37EF4407A793} = {1D8BD772-AE3E-4BE9-9ABC-E9D4BB2D226D}
		{BDA768C8-58BA-4451-8576-0CC754D080A6} = {0B23ED55-75CC-433E-905B-2355A076A259}
	EndGlobalSection
	GlobalSection(ExtensibilityGlobals) = postSolution
		SolutionGuid = {3160E0C2-1909-4860-A342-26196BAF1325}
	EndGlobalSection
EndGlobal
