
Microsoft Visual Studio Solution File, Format Version 12.00
# Visual Studio Version 16
VisualStudioVersion = 16.0.30523.141
MinimumVisualStudioVersion = 10.0.40219.1
Project("{2150E333-8FDC-42A3-9474-1A3956D46DE8}") = "Les01_IntroductionToC", "Les01_IntroductionToC", "{44351901-DEC2-423F-ADA2-C2D3AAEB0E22}"
EndProject
Global
	GlobalSection(SolutionProperties) = preSolution
		HideSolutionNode = FALSE
	EndGlobalSection
	GlobalSection(ExtensibilityGlobals) = postSolution
		SolutionGuid = {C2BEAA6A-6404-4A3B-B5AB-6752B75C0EC3}
	EndGlobalSection
EndGlobal
