
Microsoft Visual Studio Solution File, Format Version 12.00
# Visual Studio Version 16
VisualStudioVersion = 16.0.31321.278
MinimumVisualStudioVersion = 10.0.40219.1
Project("{FAE04EC0-301F-11D3-BF4B-00C04F79EFBC}") = "CastSystemTypes", "FirstConsoleProject\CastSystemTypes.csproj", "{181DE4CB-AD7C-4753-99EB-67CA1C7151A3}"
EndProject
Project("{9A19103F-16F7-4668-BE54-9A1E7A4F7556}") = "Area visibility", "Area visibility\Area visibility.csproj", "{4006B95F-5E20-4938-AD05-53D13F6B6BA1}"
EndProject
Project("{FAE04EC0-301F-11D3-BF4B-00C04F79EFBC}") = "Algorithm", "Algorithm\Algorithm.csproj", "{DAE65DFD-8314-4148-9556-3010C3C16EBC}"
EndProject
Project("{FAE04EC0-301F-11D3-BF4B-00C04F79EFBC}") = "Alg3", "Alg3\Alg3.csproj", "{2D40E0BB-88E0-42F0-890E-AA4AC0934662}"
EndProject
Project("{FAE04EC0-301F-11D3-BF4B-00C04F79EFBC}") = "Alg4", "Alg4\Alg4.csproj", "{24CFEAA4-67C7-4F35-90C2-88153CF7F8E5}"
EndProject
Project("{FAE04EC0-301F-11D3-BF4B-00C04F79EFBC}") = "Alg5", "Alg5\Alg5.csproj", "{B1AFB847-4CDD-4CB0-815C-7647D3770AC2}"
EndProject
Project("{FAE04EC0-301F-11D3-BF4B-00C04F79EFBC}") = "Alg6", "Alg6\Alg6.csproj", "{78822E6B-4066-462D-8780-0232567B57FB}"
EndProject
Project("{FAE04EC0-301F-11D3-BF4B-00C04F79EFBC}") = "Alg7", "Alg7\Alg7.csproj", "{A43EC5A2-5E9F-429D-8976-E80B7290989E}"
EndProject
Project("{FAE04EC0-301F-11D3-BF4B-00C04F79EFBC}") = "Alg8", "Alg8\Alg8.csproj", "{3DDF57E8-3D1C-4C13-A805-1BF6A72248E3}"
EndProject
Project("{2150E333-8FDC-42A3-9474-1A3956D46DE8}") = "Algorithm_", "Algorithm_", "{078C4309-09D4-4EC4-9CA8-A903B532E1EA}"
EndProject
Project("{FAE04EC0-301F-11D3-BF4B-00C04F79EFBC}") = "Alg9_SwitchCase", "Algorithm_\Alg9_SwitchCase\Alg9_SwitchCase.csproj", "{E7EBB596-33D4-4A1B-A380-33D03C828DA4}"
EndProject
Project("{FAE04EC0-301F-11D3-BF4B-00C04F79EFBC}") = "Alg", "Algorithm_\Alg\Alg.csproj", "{42B1FAA9-F735-4749-8C8E-0D0239C54E7F}"
EndProject
Project("{2150E333-8FDC-42A3-9474-1A3956D46DE8}") = "Logic operation", "Logic operation", "{316D6ED9-B361-4F8F-A101-2523CA37EA38}"
EndProject
Project("{FAE04EC0-301F-11D3-BF4B-00C04F79EFBC}") = "L1", "L1\L1.csproj", "{59CD4347-15A6-47A4-ABA0-4FCF3EFCB18C}"
EndProject
Project("{FAE04EC0-301F-11D3-BF4B-00C04F79EFBC}") = "L2", "L2\L2.csproj", "{FA27F588-C80D-4775-8140-1CE150457185}"
EndProject
Project("{2150E333-8FDC-42A3-9474-1A3956D46DE8}") = "Cycle", "Cycle", "{58814595-0333-4E5A-83C3-CBC8C1201097}"
EndProject
Project("{FAE04EC0-301F-11D3-BF4B-00C04F79EFBC}") = "C1", "C1\C1.csproj", "{297B78B7-2779-4C89-B99C-F5EAEB249C3A}"
EndProject
Project("{FAE04EC0-301F-11D3-BF4B-00C04F79EFBC}") = "C2", "C2\C2.csproj", "{BA10265C-EEE0-4700-8B16-776F113D227F}"
EndProject
Project("{FAE04EC0-301F-11D3-BF4B-00C04F79EFBC}") = "С3", "С3\С3.csproj", "{3B585E0A-5432-4E95-9278-982136D563AC}"
EndProject
Project("{FAE04EC0-301F-11D3-BF4B-00C04F79EFBC}") = "While", "While\While.csproj", "{8F5070B6-09E0-416D-918C-51DB0D641F8D}"
EndProject
Project("{FAE04EC0-301F-11D3-BF4B-00C04F79EFBC}") = "While2", "While2\While2.csproj", "{2F1309E4-1228-4D23-B401-45BAE73E6E5C}"
EndProject
Project("{FAE04EC0-301F-11D3-BF4B-00C04F79EFBC}") = "While3", "While3\While3.csproj", "{C3964F1F-1D41-419F-A108-C5A7BA6CFB6D}"
EndProject
Project("{FAE04EC0-301F-11D3-BF4B-00C04F79EFBC}") = "GuessColor", "GuessColor\GuessColor.csproj", "{3D99B717-2881-48D5-BCB4-D93956297F6F}"
EndProject
Project("{FAE04EC0-301F-11D3-BF4B-00C04F79EFBC}") = "DoWhile1", "DoWhile1\DoWhile1.csproj", "{0D8D5C01-AA17-468E-B56C-7FC3B4D9C2CC}"
EndProject
Project("{FAE04EC0-301F-11D3-BF4B-00C04F79EFBC}") = "DoWhile2", "DoWhile2\DoWhile2.csproj", "{06160573-F716-4B5B-9A45-58774FB97A2E}"
EndProject
Project("{FAE04EC0-301F-11D3-BF4B-00C04F79EFBC}") = "DoWhile4", "DoWhile4\DoWhile4.csproj", "{AA6E22C2-E2F7-4BA2-8A27-B8AFEC04BA9B}"
EndProject
Project("{FAE04EC0-301F-11D3-BF4B-00C04F79EFBC}") = "Factorial", "Factorial\Factorial.csproj", "{121FAEF6-93A8-4AF7-970A-0024D6805021}"
EndProject
Project("{FAE04EC0-301F-11D3-BF4B-00C04F79EFBC}") = "For1", "For1\For1.csproj", "{AF0BEDC9-DAB8-485B-B699-6C20DDF9B246}"
EndProject
Project("{FAE04EC0-301F-11D3-BF4B-00C04F79EFBC}") = "For2", "For2\For2.csproj", "{A49E7851-4A0E-40C1-BEB3-EF407DE06708}"
EndProject
Project("{FAE04EC0-301F-11D3-BF4B-00C04F79EFBC}") = "For3", "For3\For3.csproj", "{94BF541D-5758-4F1F-B703-05E7E232CA19}"
EndProject
Project("{FAE04EC0-301F-11D3-BF4B-00C04F79EFBC}") = "ForInFor", "ForInFor\ForInFor.csproj", "{F5CE8060-A03E-4C70-9FAA-6E1A46DDC860}"
EndProject
Project("{FAE04EC0-301F-11D3-BF4B-00C04F79EFBC}") = "DijkstraLoop", "DijkstraLoop\DijkstraLoop.csproj", "{ADBCCBCC-E3A6-4574-808D-A68535682F7E}"
EndProject
Project("{FAE04EC0-301F-11D3-BF4B-00C04F79EFBC}") = "SpiderLoop", "SpiderLoop\SpiderLoop.csproj", "{561AD078-2486-4FA8-BDAE-1EB29C489BFF}"
EndProject
Project("{FAE04EC0-301F-11D3-BF4B-00C04F79EFBC}") = "MethodsTypes", "MethodsTypes\MethodsTypes.csproj", "{C45AB935-9D31-4B4C-9AAF-95BAC3819AD0}"
EndProject
Project("{FAE04EC0-301F-11D3-BF4B-00C04F79EFBC}") = "Lab1Var7", "Lab1Var7\Lab1Var7.csproj", "{2DF56BFE-CD0A-4ACE-A2D8-5E74EBB77CCE}"
EndProject
Global
	GlobalSection(SolutionConfigurationPlatforms) = preSolution
		Debug|Any CPU = Debug|Any CPU
		Release|Any CPU = Release|Any CPU
	EndGlobalSection
	GlobalSection(ProjectConfigurationPlatforms) = postSolution
		{181DE4CB-AD7C-4753-99EB-67CA1C7151A3}.Debug|Any CPU.ActiveCfg = Debug|Any CPU
		{181DE4CB-AD7C-4753-99EB-67CA1C7151A3}.Debug|Any CPU.Build.0 = Debug|Any CPU
		{181DE4CB-AD7C-4753-99EB-67CA1C7151A3}.Release|Any CPU.ActiveCfg = Release|Any CPU
		{181DE4CB-AD7C-4753-99EB-67CA1C7151A3}.Release|Any CPU.Build.0 = Release|Any CPU
		{4006B95F-5E20-4938-AD05-53D13F6B6BA1}.Debug|Any CPU.ActiveCfg = Debug|Any CPU
		{4006B95F-5E20-4938-AD05-53D13F6B6BA1}.Debug|Any CPU.Build.0 = Debug|Any CPU
		{4006B95F-5E20-4938-AD05-53D13F6B6BA1}.Release|Any CPU.ActiveCfg = Release|Any CPU
		{4006B95F-5E20-4938-AD05-53D13F6B6BA1}.Release|Any CPU.Build.0 = Release|Any CPU
		{DAE65DFD-8314-4148-9556-3010C3C16EBC}.Debug|Any CPU.ActiveCfg = Debug|Any CPU
		{DAE65DFD-8314-4148-9556-3010C3C16EBC}.Debug|Any CPU.Build.0 = Debug|Any CPU
		{DAE65DFD-8314-4148-9556-3010C3C16EBC}.Release|Any CPU.ActiveCfg = Release|Any CPU
		{DAE65DFD-8314-4148-9556-3010C3C16EBC}.Release|Any CPU.Build.0 = Release|Any CPU
		{2D40E0BB-88E0-42F0-890E-AA4AC0934662}.Debug|Any CPU.ActiveCfg = Debug|Any CPU
		{2D40E0BB-88E0-42F0-890E-AA4AC0934662}.Debug|Any CPU.Build.0 = Debug|Any CPU
		{2D40E0BB-88E0-42F0-890E-AA4AC0934662}.Release|Any CPU.ActiveCfg = Release|Any CPU
		{2D40E0BB-88E0-42F0-890E-AA4AC0934662}.Release|Any CPU.Build.0 = Release|Any CPU
		{24CFEAA4-67C7-4F35-90C2-88153CF7F8E5}.Debug|Any CPU.ActiveCfg = Debug|Any CPU
		{24CFEAA4-67C7-4F35-90C2-88153CF7F8E5}.Debug|Any CPU.Build.0 = Debug|Any CPU
		{24CFEAA4-67C7-4F35-90C2-88153CF7F8E5}.Release|Any CPU.ActiveCfg = Release|Any CPU
		{24CFEAA4-67C7-4F35-90C2-88153CF7F8E5}.Release|Any CPU.Build.0 = Release|Any CPU
		{B1AFB847-4CDD-4CB0-815C-7647D3770AC2}.Debug|Any CPU.ActiveCfg = Debug|Any CPU
		{B1AFB847-4CDD-4CB0-815C-7647D3770AC2}.Debug|Any CPU.Build.0 = Debug|Any CPU
		{B1AFB847-4CDD-4CB0-815C-7647D3770AC2}.Release|Any CPU.ActiveCfg = Release|Any CPU
		{B1AFB847-4CDD-4CB0-815C-7647D3770AC2}.Release|Any CPU.Build.0 = Release|Any CPU
		{78822E6B-4066-462D-8780-0232567B57FB}.Debug|Any CPU.ActiveCfg = Debug|Any CPU
		{78822E6B-4066-462D-8780-0232567B57FB}.Debug|Any CPU.Build.0 = Debug|Any CPU
		{78822E6B-4066-462D-8780-0232567B57FB}.Release|Any CPU.ActiveCfg = Release|Any CPU
		{78822E6B-4066-462D-8780-0232567B57FB}.Release|Any CPU.Build.0 = Release|Any CPU
		{A43EC5A2-5E9F-429D-8976-E80B7290989E}.Debug|Any CPU.ActiveCfg = Debug|Any CPU
		{A43EC5A2-5E9F-429D-8976-E80B7290989E}.Debug|Any CPU.Build.0 = Debug|Any CPU
		{A43EC5A2-5E9F-429D-8976-E80B7290989E}.Release|Any CPU.ActiveCfg = Release|Any CPU
		{A43EC5A2-5E9F-429D-8976-E80B7290989E}.Release|Any CPU.Build.0 = Release|Any CPU
		{3DDF57E8-3D1C-4C13-A805-1BF6A72248E3}.Debug|Any CPU.ActiveCfg = Debug|Any CPU
		{3DDF57E8-3D1C-4C13-A805-1BF6A72248E3}.Debug|Any CPU.Build.0 = Debug|Any CPU
		{3DDF57E8-3D1C-4C13-A805-1BF6A72248E3}.Release|Any CPU.ActiveCfg = Release|Any CPU
		{3DDF57E8-3D1C-4C13-A805-1BF6A72248E3}.Release|Any CPU.Build.0 = Release|Any CPU
		{E7EBB596-33D4-4A1B-A380-33D03C828DA4}.Debug|Any CPU.ActiveCfg = Debug|Any CPU
		{E7EBB596-33D4-4A1B-A380-33D03C828DA4}.Debug|Any CPU.Build.0 = Debug|Any CPU
		{E7EBB596-33D4-4A1B-A380-33D03C828DA4}.Release|Any CPU.ActiveCfg = Release|Any CPU
		{E7EBB596-33D4-4A1B-A380-33D03C828DA4}.Release|Any CPU.Build.0 = Release|Any CPU
		{42B1FAA9-F735-4749-8C8E-0D0239C54E7F}.Debug|Any CPU.ActiveCfg = Debug|Any CPU
		{42B1FAA9-F735-4749-8C8E-0D0239C54E7F}.Debug|Any CPU.Build.0 = Debug|Any CPU
		{42B1FAA9-F735-4749-8C8E-0D0239C54E7F}.Release|Any CPU.ActiveCfg = Release|Any CPU
		{42B1FAA9-F735-4749-8C8E-0D0239C54E7F}.Release|Any CPU.Build.0 = Release|Any CPU
		{59CD4347-15A6-47A4-ABA0-4FCF3EFCB18C}.Debug|Any CPU.ActiveCfg = Debug|Any CPU
		{59CD4347-15A6-47A4-ABA0-4FCF3EFCB18C}.Debug|Any CPU.Build.0 = Debug|Any CPU
		{59CD4347-15A6-47A4-ABA0-4FCF3EFCB18C}.Release|Any CPU.ActiveCfg = Release|Any CPU
		{59CD4347-15A6-47A4-ABA0-4FCF3EFCB18C}.Release|Any CPU.Build.0 = Release|Any CPU
		{FA27F588-C80D-4775-8140-1CE150457185}.Debug|Any CPU.ActiveCfg = Debug|Any CPU
		{FA27F588-C80D-4775-8140-1CE150457185}.Debug|Any CPU.Build.0 = Debug|Any CPU
		{FA27F588-C80D-4775-8140-1CE150457185}.Release|Any CPU.ActiveCfg = Release|Any CPU
		{FA27F588-C80D-4775-8140-1CE150457185}.Release|Any CPU.Build.0 = Release|Any CPU
		{297B78B7-2779-4C89-B99C-F5EAEB249C3A}.Debug|Any CPU.ActiveCfg = Debug|Any CPU
		{297B78B7-2779-4C89-B99C-F5EAEB249C3A}.Debug|Any CPU.Build.0 = Debug|Any CPU
		{297B78B7-2779-4C89-B99C-F5EAEB249C3A}.Release|Any CPU.ActiveCfg = Release|Any CPU
		{297B78B7-2779-4C89-B99C-F5EAEB249C3A}.Release|Any CPU.Build.0 = Release|Any CPU
		{BA10265C-EEE0-4700-8B16-776F113D227F}.Debug|Any CPU.ActiveCfg = Debug|Any CPU
		{BA10265C-EEE0-4700-8B16-776F113D227F}.Debug|Any CPU.Build.0 = Debug|Any CPU
		{BA10265C-EEE0-4700-8B16-776F113D227F}.Release|Any CPU.ActiveCfg = Release|Any CPU
		{BA10265C-EEE0-4700-8B16-776F113D227F}.Release|Any CPU.Build.0 = Release|Any CPU
		{3B585E0A-5432-4E95-9278-982136D563AC}.Debug|Any CPU.ActiveCfg = Debug|Any CPU
		{3B585E0A-5432-4E95-9278-982136D563AC}.Debug|Any CPU.Build.0 = Debug|Any CPU
		{3B585E0A-5432-4E95-9278-982136D563AC}.Release|Any CPU.ActiveCfg = Release|Any CPU
		{3B585E0A-5432-4E95-9278-982136D563AC}.Release|Any CPU.Build.0 = Release|Any CPU
		{8F5070B6-09E0-416D-918C-51DB0D641F8D}.Debug|Any CPU.ActiveCfg = Debug|Any CPU
		{8F5070B6-09E0-416D-918C-51DB0D641F8D}.Debug|Any CPU.Build.0 = Debug|Any CPU
		{8F5070B6-09E0-416D-918C-51DB0D641F8D}.Release|Any CPU.ActiveCfg = Release|Any CPU
		{8F5070B6-09E0-416D-918C-51DB0D641F8D}.Release|Any CPU.Build.0 = Release|Any CPU
		{2F1309E4-1228-4D23-B401-45BAE73E6E5C}.Debug|Any CPU.ActiveCfg = Debug|Any CPU
		{2F1309E4-1228-4D23-B401-45BAE73E6E5C}.Debug|Any CPU.Build.0 = Debug|Any CPU
		{2F1309E4-1228-4D23-B401-45BAE73E6E5C}.Release|Any CPU.ActiveCfg = Release|Any CPU
		{2F1309E4-1228-4D23-B401-45BAE73E6E5C}.Release|Any CPU.Build.0 = Release|Any CPU
		{C3964F1F-1D41-419F-A108-C5A7BA6CFB6D}.Debug|Any CPU.ActiveCfg = Debug|Any CPU
		{C3964F1F-1D41-419F-A108-C5A7BA6CFB6D}.Debug|Any CPU.Build.0 = Debug|Any CPU
		{C3964F1F-1D41-419F-A108-C5A7BA6CFB6D}.Release|Any CPU.ActiveCfg = Release|Any CPU
		{C3964F1F-1D41-419F-A108-C5A7BA6CFB6D}.Release|Any CPU.Build.0 = Release|Any CPU
		{3D99B717-2881-48D5-BCB4-D93956297F6F}.Debug|Any CPU.ActiveCfg = Debug|Any CPU
		{3D99B717-2881-48D5-BCB4-D93956297F6F}.Debug|Any CPU.Build.0 = Debug|Any CPU
		{3D99B717-2881-48D5-BCB4-D93956297F6F}.Release|Any CPU.ActiveCfg = Release|Any CPU
		{3D99B717-2881-48D5-BCB4-D93956297F6F}.Release|Any CPU.Build.0 = Release|Any CPU
		{0D8D5C01-AA17-468E-B56C-7FC3B4D9C2CC}.Debug|Any CPU.ActiveCfg = Debug|Any CPU
		{0D8D5C01-AA17-468E-B56C-7FC3B4D9C2CC}.Debug|Any CPU.Build.0 = Debug|Any CPU
		{0D8D5C01-AA17-468E-B56C-7FC3B4D9C2CC}.Release|Any CPU.ActiveCfg = Release|Any CPU
		{0D8D5C01-AA17-468E-B56C-7FC3B4D9C2CC}.Release|Any CPU.Build.0 = Release|Any CPU
		{06160573-F716-4B5B-9A45-58774FB97A2E}.Debug|Any CPU.ActiveCfg = Debug|Any CPU
		{06160573-F716-4B5B-9A45-58774FB97A2E}.Debug|Any CPU.Build.0 = Debug|Any CPU
		{06160573-F716-4B5B-9A45-58774FB97A2E}.Release|Any CPU.ActiveCfg = Release|Any CPU
		{06160573-F716-4B5B-9A45-58774FB97A2E}.Release|Any CPU.Build.0 = Release|Any CPU
		{AA6E22C2-E2F7-4BA2-8A27-B8AFEC04BA9B}.Debug|Any CPU.ActiveCfg = Debug|Any CPU
		{AA6E22C2-E2F7-4BA2-8A27-B8AFEC04BA9B}.Debug|Any CPU.Build.0 = Debug|Any CPU
		{AA6E22C2-E2F7-4BA2-8A27-B8AFEC04BA9B}.Release|Any CPU.ActiveCfg = Release|Any CPU
		{AA6E22C2-E2F7-4BA2-8A27-B8AFEC04BA9B}.Release|Any CPU.Build.0 = Release|Any CPU
		{121FAEF6-93A8-4AF7-970A-0024D6805021}.Debug|Any CPU.ActiveCfg = Debug|Any CPU
		{121FAEF6-93A8-4AF7-970A-0024D6805021}.Debug|Any CPU.Build.0 = Debug|Any CPU
		{121FAEF6-93A8-4AF7-970A-0024D6805021}.Release|Any CPU.ActiveCfg = Release|Any CPU
		{121FAEF6-93A8-4AF7-970A-0024D6805021}.Release|Any CPU.Build.0 = Release|Any CPU
		{AF0BEDC9-DAB8-485B-B699-6C20DDF9B246}.Debug|Any CPU.ActiveCfg = Debug|Any CPU
		{AF0BEDC9-DAB8-485B-B699-6C20DDF9B246}.Debug|Any CPU.Build.0 = Debug|Any CPU
		{AF0BEDC9-DAB8-485B-B699-6C20DDF9B246}.Release|Any CPU.ActiveCfg = Release|Any CPU
		{AF0BEDC9-DAB8-485B-B699-6C20DDF9B246}.Release|Any CPU.Build.0 = Release|Any CPU
		{A49E7851-4A0E-40C1-BEB3-EF407DE06708}.Debug|Any CPU.ActiveCfg = Debug|Any CPU
		{A49E7851-4A0E-40C1-BEB3-EF407DE06708}.Debug|Any CPU.Build.0 = Debug|Any CPU
		{A49E7851-4A0E-40C1-BEB3-EF407DE06708}.Release|Any CPU.ActiveCfg = Release|Any CPU
		{A49E7851-4A0E-40C1-BEB3-EF407DE06708}.Release|Any CPU.Build.0 = Release|Any CPU
		{94BF541D-5758-4F1F-B703-05E7E232CA19}.Debug|Any CPU.ActiveCfg = Debug|Any CPU
		{94BF541D-5758-4F1F-B703-05E7E232CA19}.Debug|Any CPU.Build.0 = Debug|Any CPU
		{94BF541D-5758-4F1F-B703-05E7E232CA19}.Release|Any CPU.ActiveCfg = Release|Any CPU
		{94BF541D-5758-4F1F-B703-05E7E232CA19}.Release|Any CPU.Build.0 = Release|Any CPU
		{F5CE8060-A03E-4C70-9FAA-6E1A46DDC860}.Debug|Any CPU.ActiveCfg = Debug|Any CPU
		{F5CE8060-A03E-4C70-9FAA-6E1A46DDC860}.Debug|Any CPU.Build.0 = Debug|Any CPU
		{F5CE8060-A03E-4C70-9FAA-6E1A46DDC860}.Release|Any CPU.ActiveCfg = Release|Any CPU
		{F5CE8060-A03E-4C70-9FAA-6E1A46DDC860}.Release|Any CPU.Build.0 = Release|Any CPU
		{ADBCCBCC-E3A6-4574-808D-A68535682F7E}.Debug|Any CPU.ActiveCfg = Debug|Any CPU
		{ADBCCBCC-E3A6-4574-808D-A68535682F7E}.Debug|Any CPU.Build.0 = Debug|Any CPU
		{ADBCCBCC-E3A6-4574-808D-A68535682F7E}.Release|Any CPU.ActiveCfg = Release|Any CPU
		{ADBCCBCC-E3A6-4574-808D-A68535682F7E}.Release|Any CPU.Build.0 = Release|Any CPU
		{561AD078-2486-4FA8-BDAE-1EB29C489BFF}.Debug|Any CPU.ActiveCfg = Debug|Any CPU
		{561AD078-2486-4FA8-BDAE-1EB29C489BFF}.Debug|Any CPU.Build.0 = Debug|Any CPU
		{561AD078-2486-4FA8-BDAE-1EB29C489BFF}.Release|Any CPU.ActiveCfg = Release|Any CPU
		{561AD078-2486-4FA8-BDAE-1EB29C489BFF}.Release|Any CPU.Build.0 = Release|Any CPU
		{C45AB935-9D31-4B4C-9AAF-95BAC3819AD0}.Debug|Any CPU.ActiveCfg = Debug|Any CPU
		{C45AB935-9D31-4B4C-9AAF-95BAC3819AD0}.Debug|Any CPU.Build.0 = Debug|Any CPU
		{C45AB935-9D31-4B4C-9AAF-95BAC3819AD0}.Release|Any CPU.ActiveCfg = Release|Any CPU
		{C45AB935-9D31-4B4C-9AAF-95BAC3819AD0}.Release|Any CPU.Build.0 = Release|Any CPU
		{2DF56BFE-CD0A-4ACE-A2D8-5E74EBB77CCE}.Debug|Any CPU.ActiveCfg = Debug|Any CPU
		{2DF56BFE-CD0A-4ACE-A2D8-5E74EBB77CCE}.Debug|Any CPU.Build.0 = Debug|Any CPU
		{2DF56BFE-CD0A-4ACE-A2D8-5E74EBB77CCE}.Release|Any CPU.ActiveCfg = Release|Any CPU
		{2DF56BFE-CD0A-4ACE-A2D8-5E74EBB77CCE}.Release|Any CPU.Build.0 = Release|Any CPU
	EndGlobalSection
	GlobalSection(SolutionProperties) = preSolution
		HideSolutionNode = FALSE
	EndGlobalSection
	GlobalSection(NestedProjects) = preSolution
		{E7EBB596-33D4-4A1B-A380-33D03C828DA4} = {078C4309-09D4-4EC4-9CA8-A903B532E1EA}
		{42B1FAA9-F735-4749-8C8E-0D0239C54E7F} = {078C4309-09D4-4EC4-9CA8-A903B532E1EA}
		{59CD4347-15A6-47A4-ABA0-4FCF3EFCB18C} = {316D6ED9-B361-4F8F-A101-2523CA37EA38}
		{FA27F588-C80D-4775-8140-1CE150457185} = {316D6ED9-B361-4F8F-A101-2523CA37EA38}
		{297B78B7-2779-4C89-B99C-F5EAEB249C3A} = {58814595-0333-4E5A-83C3-CBC8C1201097}
		{BA10265C-EEE0-4700-8B16-776F113D227F} = {58814595-0333-4E5A-83C3-CBC8C1201097}
		{3B585E0A-5432-4E95-9278-982136D563AC} = {58814595-0333-4E5A-83C3-CBC8C1201097}
		{8F5070B6-09E0-416D-918C-51DB0D641F8D} = {58814595-0333-4E5A-83C3-CBC8C1201097}
		{2F1309E4-1228-4D23-B401-45BAE73E6E5C} = {58814595-0333-4E5A-83C3-CBC8C1201097}
		{C3964F1F-1D41-419F-A108-C5A7BA6CFB6D} = {58814595-0333-4E5A-83C3-CBC8C1201097}
		{3D99B717-2881-48D5-BCB4-D93956297F6F} = {58814595-0333-4E5A-83C3-CBC8C1201097}
		{0D8D5C01-AA17-468E-B56C-7FC3B4D9C2CC} = {58814595-0333-4E5A-83C3-CBC8C1201097}
		{06160573-F716-4B5B-9A45-58774FB97A2E} = {58814595-0333-4E5A-83C3-CBC8C1201097}
		{AA6E22C2-E2F7-4BA2-8A27-B8AFEC04BA9B} = {58814595-0333-4E5A-83C3-CBC8C1201097}
		{121FAEF6-93A8-4AF7-970A-0024D6805021} = {58814595-0333-4E5A-83C3-CBC8C1201097}
		{AF0BEDC9-DAB8-485B-B699-6C20DDF9B246} = {58814595-0333-4E5A-83C3-CBC8C1201097}
		{A49E7851-4A0E-40C1-BEB3-EF407DE06708} = {58814595-0333-4E5A-83C3-CBC8C1201097}
		{94BF541D-5758-4F1F-B703-05E7E232CA19} = {58814595-0333-4E5A-83C3-CBC8C1201097}
		{F5CE8060-A03E-4C70-9FAA-6E1A46DDC860} = {58814595-0333-4E5A-83C3-CBC8C1201097}
		{ADBCCBCC-E3A6-4574-808D-A68535682F7E} = {58814595-0333-4E5A-83C3-CBC8C1201097}
		{561AD078-2486-4FA8-BDAE-1EB29C489BFF} = {58814595-0333-4E5A-83C3-CBC8C1201097}
	EndGlobalSection
	GlobalSection(ExtensibilityGlobals) = postSolution
		SolutionGuid = {0E775CFD-4062-4A75-BB70-DD56819D43EE}
	EndGlobalSection
EndGlobal
