
Microsoft Visual Studio Solution File, Format Version 12.00
# Visual Studio Version 16
VisualStudioVersion = 16.0.31321.278
MinimumVisualStudioVersion = 10.0.40219.1
Project("{FAE04EC0-301F-11D3-BF4B-00C04F79EFBC}") = "CastSystemTypes", "FirstConsoleProject\CastSystemTypes.csproj", "{181DE4CB-AD7C-4753-99EB-67CA1C7151A3}"
EndProject
Project("{9A19103F-16F7-4668-BE54-9A1E7A4F7556}") = "Area visibility", "Area visibility\Area visibility.csproj", "{4006B95F-5E20-4938-AD05-53D13F6B6BA1}"
EndProject
Project("{FAE04EC0-301F-11D3-BF4B-00C04F79EFBC}") = "Algorithm", "Algorithm\Algorithm.csproj", "{DAE65DFD-8314-4148-9556-3010C3C16EBC}"
EndProject
Project("{FAE04EC0-301F-11D3-BF4B-00C04F79EFBC}") = "Alg3", "Alg3\Alg3.csproj", "{2D40E0BB-88E0-42F0-890E-AA4AC0934662}"
EndProject
Project("{FAE04EC0-301F-11D3-BF4B-00C04F79EFBC}") = "Alg4", "Alg4\Alg4.csproj", "{24CFEAA4-67C7-4F35-90C2-88153CF7F8E5}"
EndProject
Project("{FAE04EC0-301F-11D3-BF4B-00C04F79EFBC}") = "Alg5", "Alg5\Alg5.csproj", "{B1AFB847-4CDD-4CB0-815C-7647D3770AC2}"
EndProject
Project("{FAE04EC0-301F-11D3-BF4B-00C04F79EFBC}") = "Alg6", "Alg6\Alg6.csproj", "{78822E6B-4066-462D-8780-0232567B57FB}"
EndProject
Project("{FAE04EC0-301F-11D3-BF4B-00C04F79EFBC}") = "Alg7", "Alg7\Alg7.csproj", "{A43EC5A2-5E9F-429D-8976-E80B7290989E}"
EndProject
Project("{FAE04EC0-301F-11D3-BF4B-00C04F79EFBC}") = "Alg8", "Alg8\Alg8.csproj", "{3DDF57E8-3D1C-4C13-A805-1BF6A72248E3}"
EndProject
Project("{2150E333-8FDC-42A3-9474-1A3956D46DE8}") = "Algorithm_", "Algorithm_", "{078C4309-09D4-4EC4-9CA8-A903B532E1EA}"
EndProject
Project("{FAE04EC0-301F-11D3-BF4B-00C04F79EFBC}") = "Alg9_SwitchCase", "Algorithm_\Alg9_SwitchCase\Alg9_SwitchCase.csproj", "{E7EBB596-33D4-4A1B-A380-33D03C828DA4}"
EndProject
Project("{FAE04EC0-301F-11D3-BF4B-00C04F79EFBC}") = "Alg", "Algorithm_\Alg\Alg.csproj", "{42B1FAA9-F735-4749-8C8E-0D0239C54E7F}"
EndProject
Global
	GlobalSection(SolutionConfigurationPlatforms) = preSolution
		Debug|Any CPU = Debug|Any CPU
		Release|Any CPU = Release|Any CPU
	EndGlobalSection
	GlobalSection(ProjectConfigurationPlatforms) = postSolution
		{181DE4CB-AD7C-4753-99EB-67CA1C7151A3}.Debug|Any CPU.ActiveCfg = Debug|Any CPU
		{181DE4CB-AD7C-4753-99EB-67CA1C7151A3}.Debug|Any CPU.Build.0 = Debug|Any CPU
		{181DE4CB-AD7C-4753-99EB-67CA1C7151A3}.Release|Any CPU.ActiveCfg = Release|Any CPU
		{181DE4CB-AD7C-4753-99EB-67CA1C7151A3}.Release|Any CPU.Build.0 = Release|Any CPU
		{4006B95F-5E20-4938-AD05-53D13F6B6BA1}.Debug|Any CPU.ActiveCfg = Debug|Any CPU
		{4006B95F-5E20-4938-AD05-53D13F6B6BA1}.Debug|Any CPU.Build.0 = Debug|Any CPU
		{4006B95F-5E20-4938-AD05-53D13F6B6BA1}.Release|Any CPU.ActiveCfg = Release|Any CPU
		{4006B95F-5E20-4938-AD05-53D13F6B6BA1}.Release|Any CPU.Build.0 = Release|Any CPU
		{DAE65DFD-8314-4148-9556-3010C3C16EBC}.Debug|Any CPU.ActiveCfg = Debug|Any CPU
		{DAE65DFD-8314-4148-9556-3010C3C16EBC}.Debug|Any CPU.Build.0 = Debug|Any CPU
		{DAE65DFD-8314-4148-9556-3010C3C16EBC}.Release|Any CPU.ActiveCfg = Release|Any CPU
		{DAE65DFD-8314-4148-9556-3010C3C16EBC}.Release|Any CPU.Build.0 = Release|Any CPU
		{2D40E0BB-88E0-42F0-890E-AA4AC0934662}.Debug|Any CPU.ActiveCfg = Debug|Any CPU
		{2D40E0BB-88E0-42F0-890E-AA4AC0934662}.Debug|Any CPU.Build.0 = Debug|Any CPU
		{2D40E0BB-88E0-42F0-890E-AA4AC0934662}.Release|Any CPU.ActiveCfg = Release|Any CPU
		{2D40E0BB-88E0-42F0-890E-AA4AC0934662}.Release|Any CPU.Build.0 = Release|Any CPU
		{24CFEAA4-67C7-4F35-90C2-88153CF7F8E5}.Debug|Any CPU.ActiveCfg = Debug|Any CPU
		{24CFEAA4-67C7-4F35-90C2-88153CF7F8E5}.Debug|Any CPU.Build.0 = Debug|Any CPU
		{24CFEAA4-67C7-4F35-90C2-88153CF7F8E5}.Release|Any CPU.ActiveCfg = Release|Any CPU
		{24CFEAA4-67C7-4F35-90C2-88153CF7F8E5}.Release|Any CPU.Build.0 = Release|Any CPU
		{B1AFB847-4CDD-4CB0-815C-7647D3770AC2}.Debug|Any CPU.ActiveCfg = Debug|Any CPU
		{B1AFB847-4CDD-4CB0-815C-7647D3770AC2}.Debug|Any CPU.Build.0 = Debug|Any CPU
		{B1AFB847-4CDD-4CB0-815C-7647D3770AC2}.Release|Any CPU.ActiveCfg = Release|Any CPU
		{B1AFB847-4CDD-4CB0-815C-7647D3770AC2}.Release|Any CPU.Build.0 = Release|Any CPU
		{78822E6B-4066-462D-8780-0232567B57FB}.Debug|Any CPU.ActiveCfg = Debug|Any CPU
		{78822E6B-4066-462D-8780-0232567B57FB}.Debug|Any CPU.Build.0 = Debug|Any CPU
		{78822E6B-4066-462D-8780-0232567B57FB}.Release|Any CPU.ActiveCfg = Release|Any CPU
		{78822E6B-4066-462D-8780-0232567B57FB}.Release|Any CPU.Build.0 = Release|Any CPU
		{A43EC5A2-5E9F-429D-8976-E80B7290989E}.Debug|Any CPU.ActiveCfg = Debug|Any CPU
		{A43EC5A2-5E9F-429D-8976-E80B7290989E}.Debug|Any CPU.Build.0 = Debug|Any CPU
		{A43EC5A2-5E9F-429D-8976-E80B7290989E}.Release|Any CPU.ActiveCfg = Release|Any CPU
		{A43EC5A2-5E9F-429D-8976-E80B7290989E}.Release|Any CPU.Build.0 = Release|Any CPU
		{3DDF57E8-3D1C-4C13-A805-1BF6A72248E3}.Debug|Any CPU.ActiveCfg = Debug|Any CPU
		{3DDF57E8-3D1C-4C13-A805-1BF6A72248E3}.Debug|Any CPU.Build.0 = Debug|Any CPU
		{3DDF57E8-3D1C-4C13-A805-1BF6A72248E3}.Release|Any CPU.ActiveCfg = Release|Any CPU
		{3DDF57E8-3D1C-4C13-A805-1BF6A72248E3}.Release|Any CPU.Build.0 = Release|Any CPU
		{E7EBB596-33D4-4A1B-A380-33D03C828DA4}.Debug|Any CPU.ActiveCfg = Debug|Any CPU
		{E7EBB596-33D4-4A1B-A380-33D03C828DA4}.Debug|Any CPU.Build.0 = Debug|Any CPU
		{E7EBB596-33D4-4A1B-A380-33D03C828DA4}.Release|Any CPU.ActiveCfg = Release|Any CPU
		{E7EBB596-33D4-4A1B-A380-33D03C828DA4}.Release|Any CPU.Build.0 = Release|Any CPU
		{42B1FAA9-F735-4749-8C8E-0D0239C54E7F}.Debug|Any CPU.ActiveCfg = Debug|Any CPU
		{42B1FAA9-F735-4749-8C8E-0D0239C54E7F}.Debug|Any CPU.Build.0 = Debug|Any CPU
		{42B1FAA9-F735-4749-8C8E-0D0239C54E7F}.Release|Any CPU.ActiveCfg = Release|Any CPU
		{42B1FAA9-F735-4749-8C8E-0D0239C54E7F}.Release|Any CPU.Build.0 = Release|Any CPU
	EndGlobalSection
	GlobalSection(SolutionProperties) = preSolution
		HideSolutionNode = FALSE
	EndGlobalSection
	GlobalSection(NestedProjects) = preSolution
		{E7EBB596-33D4-4A1B-A380-33D03C828DA4} = {078C4309-09D4-4EC4-9CA8-A903B532E1EA}
		{42B1FAA9-F735-4749-8C8E-0D0239C54E7F} = {078C4309-09D4-4EC4-9CA8-A903B532E1EA}
	EndGlobalSection
	GlobalSection(ExtensibilityGlobals) = postSolution
		SolutionGuid = {0E775CFD-4062-4A75-BB70-DD56819D43EE}
	EndGlobalSection
EndGlobal
